
Microsoft Visual Studio Solution File, Format Version 12.00
# Visual Studio Version 17
VisualStudioVersion = 17.0.31903.59
MinimumVisualStudioVersion = 10.0.40219.1
Project("{2150E333-8FDC-42A3-9474-1A3956D46DE8}") = "src", "src", "{827E0CD3-B72D-47B6-A68D-7590B98EB39B}"
EndProject
Project("{FAE04EC0-301F-11D3-BF4B-00C04F79EFBC}") = "OpenLethe.Packets", "src\OpenLethe.Packets\OpenLethe.Packets.csproj", "{A14BC965-4899-4D74-ABFD-FA2800977285}"
EndProject
Project("{FAE04EC0-301F-11D3-BF4B-00C04F79EFBC}") = "OpenLethe.Tests", "tests\OpenLethe.Tests\OpenLethe.Tests.csproj", "{A9A77632-B555-4D92-9AAF-9EA8CA5E33AD}"
EndProject
Project("{FAE04EC0-301F-11D3-BF4B-00C04F79EFBC}") = "OpenLethe.Server", "src\OpenLethe.Server\OpenLethe.Server.csproj", "{7AE82219-99DF-4F50-9398-4BC041ABC959}"
EndProject
Project("{FAE04EC0-301F-11D3-BF4B-00C04F79EFBC}") = "OpenLethe.Data", "src\OpenLethe.Data\OpenLethe.Data.csproj", "{AF686FE9-CB1E-4B46-A9FC-2899C6E56851}"
EndProject
Global
	GlobalSection(SolutionConfigurationPlatforms) = preSolution
		Debug|Any CPU = Debug|Any CPU
		Debug|x64 = Debug|x64
		Debug|x86 = Debug|x86
		Release|Any CPU = Release|Any CPU
		Release|x64 = Release|x64
		Release|x86 = Release|x86
	EndGlobalSection
	GlobalSection(ProjectConfigurationPlatforms) = postSolution
		{A14BC965-4899-4D74-ABFD-FA2800977285}.Debug|Any CPU.ActiveCfg = Debug|Any CPU
		{A14BC965-4899-4D74-ABFD-FA2800977285}.Debug|Any CPU.Build.0 = Debug|Any CPU
		{A14BC965-4899-4D74-ABFD-FA2800977285}.Debug|x64.ActiveCfg = Debug|Any CPU
		{A14BC965-4899-4D74-ABFD-FA2800977285}.Debug|x64.Build.0 = Debug|Any CPU
		{A14BC965-4899-4D74-ABFD-FA2800977285}.Debug|x86.ActiveCfg = Debug|Any CPU
		{A14BC965-4899-4D74-ABFD-FA2800977285}.Debug|x86.Build.0 = Debug|Any CPU
		{A14BC965-4899-4D74-ABFD-FA2800977285}.Release|Any CPU.ActiveCfg = Release|Any CPU
		{A14BC965-4899-4D74-ABFD-FA2800977285}.Release|Any CPU.Build.0 = Release|Any CPU
		{A14BC965-4899-4D74-ABFD-FA2800977285}.Release|x64.ActiveCfg = Release|Any CPU
		{A14BC965-4899-4D74-ABFD-FA2800977285}.Release|x64.Build.0 = Release|Any CPU
		{A14BC965-4899-4D74-ABFD-FA2800977285}.Release|x86.ActiveCfg = Release|Any CPU
		{A14BC965-4899-4D74-ABFD-FA2800977285}.Release|x86.Build.0 = Release|Any CPU
		{A9A77632-B555-4D92-9AAF-9EA8CA5E33AD}.Debug|Any CPU.ActiveCfg = Debug|Any CPU
		{A9A77632-B555-4D92-9AAF-9EA8CA5E33AD}.Debug|Any CPU.Build.0 = Debug|Any CPU
		{A9A77632-B555-4D92-9AAF-9EA8CA5E33AD}.Debug|x64.ActiveCfg = Debug|Any CPU
		{A9A77632-B555-4D92-9AAF-9EA8CA5E33AD}.Debug|x64.Build.0 = Debug|Any CPU
		{A9A77632-B555-4D92-9AAF-9EA8CA5E33AD}.Debug|x86.ActiveCfg = Debug|Any CPU
		{A9A77632-B555-4D92-9AAF-9EA8CA5E33AD}.Debug|x86.Build.0 = Debug|Any CPU
		{A9A77632-B555-4D92-9AAF-9EA8CA5E33AD}.Release|Any CPU.ActiveCfg = Release|Any CPU
		{A9A77632-B555-4D92-9AAF-9EA8CA5E33AD}.Release|Any CPU.Build.0 = Release|Any CPU
		{A9A77632-B555-4D92-9AAF-9EA8CA5E33AD}.Release|x64.ActiveCfg = Release|Any CPU
		{A9A77632-B555-4D92-9AAF-9EA8CA5E33AD}.Release|x64.Build.0 = Release|Any CPU
		{A9A77632-B555-4D92-9AAF-9EA8CA5E33AD}.Release|x86.ActiveCfg = Release|Any CPU
		{A9A77632-B555-4D92-9AAF-9EA8CA5E33AD}.Release|x86.Build.0 = Release|Any CPU
		{7AE82219-99DF-4F50-9398-4BC041ABC959}.Debug|Any CPU.ActiveCfg = Debug|Any CPU
		{7AE82219-99DF-4F50-9398-4BC041ABC959}.Debug|Any CPU.Build.0 = Debug|Any CPU
		{7AE82219-99DF-4F50-9398-4BC041ABC959}.Debug|x64.ActiveCfg = Debug|Any CPU
		{7AE82219-99DF-4F50-9398-4BC041ABC959}.Debug|x64.Build.0 = Debug|Any CPU
		{7AE82219-99DF-4F50-9398-4BC041ABC959}.Debug|x86.ActiveCfg = Debug|Any CPU
		{7AE82219-99DF-4F50-9398-4BC041ABC959}.Debug|x86.Build.0 = Debug|Any CPU
		{7AE82219-99DF-4F50-9398-4BC041ABC959}.Release|Any CPU.ActiveCfg = Release|Any CPU
		{7AE82219-99DF-4F50-9398-4BC041ABC959}.Release|Any CPU.Build.0 = Release|Any CPU
		{7AE82219-99DF-4F50-9398-4BC041ABC959}.Release|x64.ActiveCfg = Release|Any CPU
		{7AE82219-99DF-4F50-9398-4BC041ABC959}.Release|x64.Build.0 = Release|Any CPU
		{7AE82219-99DF-4F50-9398-4BC041ABC959}.Release|x86.ActiveCfg = Release|Any CPU
		{7AE82219-99DF-4F50-9398-4BC041ABC959}.Release|x86.Build.0 = Release|Any CPU
		{AF686FE9-CB1E-4B46-A9FC-2899C6E56851}.Debug|Any CPU.ActiveCfg = Debug|Any CPU
		{AF686FE9-CB1E-4B46-A9FC-2899C6E56851}.Debug|Any CPU.Build.0 = Debug|Any CPU
		{AF686FE9-CB1E-4B46-A9FC-2899C6E56851}.Debug|x64.ActiveCfg = Debug|Any CPU
		{AF686FE9-CB1E-4B46-A9FC-2899C6E56851}.Debug|x64.Build.0 = Debug|Any CPU
		{AF686FE9-CB1E-4B46-A9FC-2899C6E56851}.Debug|x86.ActiveCfg = Debug|Any CPU
		{AF686FE9-CB1E-4B46-A9FC-2899C6E56851}.Debug|x86.Build.0 = Debug|Any CPU
		{AF686FE9-CB1E-4B46-A9FC-2899C6E56851}.Release|Any CPU.ActiveCfg = Release|Any CPU
		{AF686FE9-CB1E-4B46-A9FC-2899C6E56851}.Release|Any CPU.Build.0 = Release|Any CPU
		{AF686FE9-CB1E-4B46-A9FC-2899C6E56851}.Release|x64.ActiveCfg = Release|Any CPU
		{AF686FE9-CB1E-4B46-A9FC-2899C6E56851}.Release|x64.Build.0 = Release|Any CPU
		{AF686FE9-CB1E-4B46-A9FC-2899C6E56851}.Release|x86.ActiveCfg = Release|Any CPU
		{AF686FE9-CB1E-4B46-A9FC-2899C6E56851}.Release|x86.Build.0 = Release|Any CPU
	EndGlobalSection
	GlobalSection(SolutionProperties) = preSolution
		HideSolutionNode = FALSE
	EndGlobalSection
	GlobalSection(NestedProjects) = preSolution
		{A14BC965-4899-4D74-ABFD-FA2800977285} = {827E0CD3-B72D-47B6-A68D-7590B98EB39B}
		{A9A77632-B555-4D92-9AAF-9EA8CA5E33AD} = {827E0CD3-B72D-47B6-A68D-7590B98EB39B}
		{7AE82219-99DF-4F50-9398-4BC041ABC959} = {827E0CD3-B72D-47B6-A68D-7590B98EB39B}
		{AF686FE9-CB1E-4B46-A9FC-2899C6E56851} = {827E0CD3-B72D-47B6-A68D-7590B98EB39B}
	EndGlobalSection
EndGlobal
